{
  "requires": true,
  "lockfileVersion": 1,
  "dependencies": {
    "@ngrx/core": {
      "version": "1.2.0",
      "resolved": "https://registry.npmjs.org/@ngrx/core/-/core-1.2.0.tgz",
      "integrity": "sha1-iCtGq6+i4ObYh8txobLC+j5tDcY="
    },
    "@ngrx/effects": {
      "version": "8.1.0",
      "resolved": "https://registry.npmjs.org/@ngrx/effects/-/effects-8.1.0.tgz",
      "integrity": "sha512-JQKD39Itsq70Mlq8kJ/yQuVbM08luAUexMqyi5HECe8izyRNkcIGJFh/2VkQSMLUGSNkU7qnT7y7xug8GA+AGA=="
    },
    "@ngrx/router-store": {
      "version": "8.1.0",
      "resolved": "https://registry.npmjs.org/@ngrx/router-store/-/router-store-8.1.0.tgz",
      "integrity": "sha512-mS1yfB5fsE9Vh4SFhWZS51KOSxrTBdaU3PZfLS+v+NOpiDUPM8Ja3lIGQvo9yUd3sky/IGhzbZ4Qn8MZmwHFrg=="
    },
    "@ngrx/store": {
      "version": "8.1.0",
      "resolved": "https://registry.npmjs.org/@ngrx/store/-/store-8.1.0.tgz",
      "integrity": "sha512-1Pfe8uLoEjfLyXpX2UoqeSzYz4yPhsTlMVHIP7EybLD9YC/IrhecnCMmBCkNpJDRBQYqmJPbfUBrp8/q9wcB6g=="
    },
    "@ngrx/store-devtools": {
      "version": "8.1.0",
      "resolved": "https://registry.npmjs.org/@ngrx/store-devtools/-/store-devtools-8.1.0.tgz",
      "integrity": "sha512-1xqZR728Jev2bjV/KDxFCT+B1aGhbIWbn3yeAm/gPyDGaJAmaQlBdE6M8Yxjsr3kCffwyPv8jtD3ekdY47l2VA=="
    }
  }
}
